
Microsoft Visual Studio Solution File, Format Version 12.00
# Visual Studio 15
VisualStudioVersion = 15.0.28307.421
MinimumVisualStudioVersion = 10.0.40219.1
Project("{FAE04EC0-301F-11D3-BF4B-00C04F79EFBC}") = "ServerChatApp_093_Musafak", "ServerChatApp_093_Musafak\ServerChatApp_093_Musafak.csproj", "{C6BD6493-9B53-403E-BD68-05A35CFEB256}"
EndProject
Global
	GlobalSection(SolutionConfigurationPlatforms) = preSolution
		Debug|Any CPU = Debug|Any CPU
		Release|Any CPU = Release|Any CPU
	EndGlobalSection
	GlobalSection(ProjectConfigurationPlatforms) = postSolution
		{C6BD6493-9B53-403E-BD68-05A35CFEB256}.Debug|Any CPU.ActiveCfg = Debug|Any CPU
		{C6BD6493-9B53-403E-BD68-05A35CFEB256}.Debug|Any CPU.Build.0 = Debug|Any CPU
		{C6BD6493-9B53-403E-BD68-05A35CFEB256}.Release|Any CPU.ActiveCfg = Release|Any CPU
		{C6BD6493-9B53-403E-BD68-05A35CFEB256}.Release|Any CPU.Build.0 = Release|Any CPU
	EndGlobalSection
	GlobalSection(SolutionProperties) = preSolution
		HideSolutionNode = FALSE
	EndGlobalSection
	GlobalSection(ExtensibilityGlobals) = postSolution
		SolutionGuid = {FDBFB44D-BB6C-4438-9B7E-EC1347A8F499}
	EndGlobalSection
EndGlobal
